{
  "requires": true,
  "lockfileVersion": 1,
  "dependencies": {
    "@angular/flex-layout": {
      "version": "10.0.0-beta.32",
      "resolved": "https://registry.npmjs.org/@angular/flex-layout/-/flex-layout-10.0.0-beta.32.tgz",
      "integrity": "sha512-JvuY4dUoy5jyCTIrFiq7n30Znakh1pD3nbg0h0hs2r3t1OiDQb0ZSI1wcumosG/vYHsuJQTuNhbfaIZzA1x8nA==",
      "requires": {
        "tslib": "^2.0.0"
      }
    },
    "ngx-mat-select-search": {
      "version": "3.1.0",
      "resolved": "https://registry.npmjs.org/ngx-mat-select-search/-/ngx-mat-select-search-3.1.0.tgz",
      "integrity": "sha512-TGYDiPfonOPhVQdYXnQhY8h3grlbRbOkqVeeN8JejImolmHi7bB+93Rhd7yZA/H5US0QaayN470tzk3KnB0S9Q==",
      "requires": {
        "tslib": "^1.9.0"
      },
      "dependencies": {
        "tslib": {
          "version": "1.13.0",
          "resolved": "https://registry.npmjs.org/tslib/-/tslib-1.13.0.tgz",
          "integrity": "sha512-i/6DQjL8Xf3be4K/E6Wgpekn5Qasl1usyw++dAA35Ue5orEn65VIxOA+YvNNl9HV3qv70T7CNwjODHZrLwvd1Q=="
        }
      }
    },
    "tslib": {
      "version": "2.0.1",
      "resolved": "https://registry.npmjs.org/tslib/-/tslib-2.0.1.tgz",
      "integrity": "sha512-SgIkNheinmEBgx1IUNirK0TUD4X9yjjBRTqqjggWCU3pUEqIk3/Uwl3yRixYKT6WjQuGiwDv4NomL3wqRCj+CQ=="
    }
  }
}
